// !$*UTF8*$!
{
	archiveVersion = 1;
	classes = {
	};
	objectVersion = 50;
	objects = {

/* Begin PBXBuildFile section */
		B62A883C238ED9E2006241C3 /* RootViewModel.swift in Sources */ = {isa = PBXBuildFile; fileRef = B62A883B238ED9E2006241C3 /* RootViewModel.swift */; };
		B66955462384477200892EA8 /* AppDelegate.swift in Sources */ = {isa = PBXBuildFile; fileRef = B66955452384477200892EA8 /* AppDelegate.swift */; };
		B66955482384477200892EA8 /* SceneDelegate.swift in Sources */ = {isa = PBXBuildFile; fileRef = B66955472384477200892EA8 /* SceneDelegate.swift */; };
		B669554A2384477200892EA8 /* RootViewController.swift in Sources */ = {isa = PBXBuildFile; fileRef = B66955492384477200892EA8 /* RootViewController.swift */; };
		B669554D2384477200892EA8 /* Main.storyboard in Resources */ = {isa = PBXBuildFile; fileRef = B669554B2384477200892EA8 /* Main.storyboard */; };
		B669554F2384477300892EA8 /* Assets.xcassets in Resources */ = {isa = PBXBuildFile; fileRef = B669554E2384477300892EA8 /* Assets.xcassets */; };
		B66955522384477300892EA8 /* LaunchScreen.storyboard in Resources */ = {isa = PBXBuildFile; fileRef = B66955502384477300892EA8 /* LaunchScreen.storyboard */; };
		B669555D2384477300892EA8 /* RainStormTests.swift in Sources */ = {isa = PBXBuildFile; fileRef = B669555C2384477300892EA8 /* RainStormTests.swift */; };
		B66955682384477300892EA8 /* RainStormUITests.swift in Sources */ = {isa = PBXBuildFile; fileRef = B66955672384477300892EA8 /* RainStormUITests.swift */; };
		B669557E238495AC00892EA8 /* DayViewController.swift in Sources */ = {isa = PBXBuildFile; fileRef = B669557D238495AC00892EA8 /* DayViewController.swift */; };
		B66955812384963E00892EA8 /* WeekViewController.swift in Sources */ = {isa = PBXBuildFile; fileRef = B66955802384963E00892EA8 /* WeekViewController.swift */; };
		B6695584238497E700892EA8 /* UIViewController.swift in Sources */ = {isa = PBXBuildFile; fileRef = B6695583238497E700892EA8 /* UIViewController.swift */; };
		B66955862384985D00892EA8 /* UIStoryboard.swift in Sources */ = {isa = PBXBuildFile; fileRef = B66955852384985D00892EA8 /* UIStoryboard.swift */; };
		B66955892386B9A500892EA8 /* WeatherRequest.swift in Sources */ = {isa = PBXBuildFile; fileRef = B66955882386B9A500892EA8 /* WeatherRequest.swift */; };
		B669558C2386BB1C00892EA8 /* Configuration.swift in Sources */ = {isa = PBXBuildFile; fileRef = B669558B2386BB1C00892EA8 /* Configuration.swift */; };
		B687E9B3239596F50003A0C8 /* DarkSkyResponse.swift in Sources */ = {isa = PBXBuildFile; fileRef = B687E9B2239596F50003A0C8 /* DarkSkyResponse.swift */; };
		B687E9B623968D2D0003A0C8 /* WeatherData.swift in Sources */ = {isa = PBXBuildFile; fileRef = B687E9B523968D2D0003A0C8 /* WeatherData.swift */; };
		B687E9BA2396968E0003A0C8 /* DayViewModel.swift in Sources */ = {isa = PBXBuildFile; fileRef = B687E9B92396968E0003A0C8 /* DayViewModel.swift */; };
		B687E9BC239697400003A0C8 /* WeekViewModel.swift in Sources */ = {isa = PBXBuildFile; fileRef = B687E9BB239697400003A0C8 /* WeekViewModel.swift */; };
		B6BA9342239EB82C00306334 /* Styles.swift in Sources */ = {isa = PBXBuildFile; fileRef = B6BA9341239EB82C00306334 /* Styles.swift */; };
		B6BA9344239EC28B00306334 /* UIImage.swift in Sources */ = {isa = PBXBuildFile; fileRef = B6BA9343239EC28B00306334 /* UIImage.swift */; };
		B6BA934623A0076A00306334 /* DateFormatter.swift in Sources */ = {isa = PBXBuildFile; fileRef = B6BA934523A0076A00306334 /* DateFormatter.swift */; };
/* End PBXBuildFile section */

/* Begin PBXContainerItemProxy section */
		B66955592384477300892EA8 /* PBXContainerItemProxy */ = {
			isa = PBXContainerItemProxy;
			containerPortal = B669553A2384477200892EA8 /* Project object */;
			proxyType = 1;
			remoteGlobalIDString = B66955412384477200892EA8;
			remoteInfo = RainStorm;
		};
		B66955642384477300892EA8 /* PBXContainerItemProxy */ = {
			isa = PBXContainerItemProxy;
			containerPortal = B669553A2384477200892EA8 /* Project object */;
			proxyType = 1;
			remoteGlobalIDString = B66955412384477200892EA8;
			remoteInfo = RainStorm;
		};
/* End PBXContainerItemProxy section */

/* Begin PBXFileReference section */
		B62A883B238ED9E2006241C3 /* RootViewModel.swift */ = {isa = PBXFileReference; lastKnownFileType = sourcecode.swift; path = RootViewModel.swift; sourceTree = "<group>"; };
		B66955422384477200892EA8 /* RainStorm.app */ = {isa = PBXFileReference; explicitFileType = wrapper.application; includeInIndex = 0; path = RainStorm.app; sourceTree = BUILT_PRODUCTS_DIR; };
		B66955452384477200892EA8 /* AppDelegate.swift */ = {isa = PBXFileReference; lastKnownFileType = sourcecode.swift; path = AppDelegate.swift; sourceTree = "<group>"; };
		B66955472384477200892EA8 /* SceneDelegate.swift */ = {isa = PBXFileReference; lastKnownFileType = sourcecode.swift; path = SceneDelegate.swift; sourceTree = "<group>"; };
		B66955492384477200892EA8 /* RootViewController.swift */ = {isa = PBXFileReference; lastKnownFileType = sourcecode.swift; path = RootViewController.swift; sourceTree = "<group>"; };
		B669554C2384477200892EA8 /* Base */ = {isa = PBXFileReference; lastKnownFileType = file.storyboard; name = Base; path = Base.lproj/Main.storyboard; sourceTree = "<group>"; };
		B669554E2384477300892EA8 /* Assets.xcassets */ = {isa = PBXFileReference; lastKnownFileType = folder.assetcatalog; path = Assets.xcassets; sourceTree = "<group>"; };
		B66955512384477300892EA8 /* Base */ = {isa = PBXFileReference; lastKnownFileType = file.storyboard; name = Base; path = Base.lproj/LaunchScreen.storyboard; sourceTree = "<group>"; };
		B66955532384477300892EA8 /* Info.plist */ = {isa = PBXFileReference; lastKnownFileType = text.plist.xml; path = Info.plist; sourceTree = "<group>"; };
		B66955582384477300892EA8 /* RainStormTests.xctest */ = {isa = PBXFileReference; explicitFileType = wrapper.cfbundle; includeInIndex = 0; path = RainStormTests.xctest; sourceTree = BUILT_PRODUCTS_DIR; };
		B669555C2384477300892EA8 /* RainStormTests.swift */ = {isa = PBXFileReference; lastKnownFileType = sourcecode.swift; path = RainStormTests.swift; sourceTree = "<group>"; };
		B669555E2384477300892EA8 /* Info.plist */ = {isa = PBXFileReference; lastKnownFileType = text.plist.xml; path = Info.plist; sourceTree = "<group>"; };
		B66955632384477300892EA8 /* RainStormUITests.xctest */ = {isa = PBXFileReference; explicitFileType = wrapper.cfbundle; includeInIndex = 0; path = RainStormUITests.xctest; sourceTree = BUILT_PRODUCTS_DIR; };
		B66955672384477300892EA8 /* RainStormUITests.swift */ = {isa = PBXFileReference; lastKnownFileType = sourcecode.swift; path = RainStormUITests.swift; sourceTree = "<group>"; };
		B66955692384477300892EA8 /* Info.plist */ = {isa = PBXFileReference; lastKnownFileType = text.plist.xml; path = Info.plist; sourceTree = "<group>"; };
		B669557D238495AC00892EA8 /* DayViewController.swift */ = {isa = PBXFileReference; lastKnownFileType = sourcecode.swift; path = DayViewController.swift; sourceTree = "<group>"; };
		B66955802384963E00892EA8 /* WeekViewController.swift */ = {isa = PBXFileReference; lastKnownFileType = sourcecode.swift; path = WeekViewController.swift; sourceTree = "<group>"; };
		B6695583238497E700892EA8 /* UIViewController.swift */ = {isa = PBXFileReference; lastKnownFileType = sourcecode.swift; path = UIViewController.swift; sourceTree = "<group>"; };
		B66955852384985D00892EA8 /* UIStoryboard.swift */ = {isa = PBXFileReference; lastKnownFileType = sourcecode.swift; path = UIStoryboard.swift; sourceTree = "<group>"; };
		B66955882386B9A500892EA8 /* WeatherRequest.swift */ = {isa = PBXFileReference; lastKnownFileType = sourcecode.swift; path = WeatherRequest.swift; sourceTree = "<group>"; };
		B669558B2386BB1C00892EA8 /* Configuration.swift */ = {isa = PBXFileReference; lastKnownFileType = sourcecode.swift; path = Configuration.swift; sourceTree = "<group>"; };
		B687E9B2239596F50003A0C8 /* DarkSkyResponse.swift */ = {isa = PBXFileReference; lastKnownFileType = sourcecode.swift; path = DarkSkyResponse.swift; sourceTree = "<group>"; };
		B687E9B523968D2D0003A0C8 /* WeatherData.swift */ = {isa = PBXFileReference; lastKnownFileType = sourcecode.swift; path = WeatherData.swift; sourceTree = "<group>"; };
		B687E9B92396968E0003A0C8 /* DayViewModel.swift */ = {isa = PBXFileReference; lastKnownFileType = sourcecode.swift; path = DayViewModel.swift; sourceTree = "<group>"; };
		B687E9BB239697400003A0C8 /* WeekViewModel.swift */ = {isa = PBXFileReference; lastKnownFileType = sourcecode.swift; path = WeekViewModel.swift; sourceTree = "<group>"; };
		B6BA9341239EB82C00306334 /* Styles.swift */ = {isa = PBXFileReference; lastKnownFileType = sourcecode.swift; path = Styles.swift; sourceTree = "<group>"; };
		B6BA9343239EC28B00306334 /* UIImage.swift */ = {isa = PBXFileReference; lastKnownFileType = sourcecode.swift; path = UIImage.swift; sourceTree = "<group>"; };
		B6BA934523A0076A00306334 /* DateFormatter.swift */ = {isa = PBXFileReference; lastKnownFileType = sourcecode.swift; path = DateFormatter.swift; sourceTree = "<group>"; };
/* End PBXFileReference section */

/* Begin PBXFrameworksBuildPhase section */
		B669553F2384477200892EA8 /* Frameworks */ = {
			isa = PBXFrameworksBuildPhase;
			buildActionMask = 2147483647;
			files = (
			);
			runOnlyForDeploymentPostprocessing = 0;
		};
		B66955552384477300892EA8 /* Frameworks */ = {
			isa = PBXFrameworksBuildPhase;
			buildActionMask = 2147483647;
			files = (
			);
			runOnlyForDeploymentPostprocessing = 0;
		};
		B66955602384477300892EA8 /* Frameworks */ = {
			isa = PBXFrameworksBuildPhase;
			buildActionMask = 2147483647;
			files = (
			);
			runOnlyForDeploymentPostprocessing = 0;
		};
/* End PBXFrameworksBuildPhase section */

/* Begin PBXGroup section */
		B62A883A238ED9C5006241C3 /* View Models */ = {
			isa = PBXGroup;
			children = (
				B62A883B238ED9E2006241C3 /* RootViewModel.swift */,
			);
			path = "View Models";
			sourceTree = "<group>";
		};
		B66955392384477200892EA8 = {
			isa = PBXGroup;
			children = (
				B66955442384477200892EA8 /* RainStorm */,
				B669555B2384477300892EA8 /* RainStormTests */,
				B66955662384477300892EA8 /* RainStormUITests */,
				B66955432384477200892EA8 /* Products */,
			);
			sourceTree = "<group>";
		};
		B66955432384477200892EA8 /* Products */ = {
			isa = PBXGroup;
			children = (
				B66955422384477200892EA8 /* RainStorm.app */,
				B66955582384477300892EA8 /* RainStormTests.xctest */,
				B66955632384477300892EA8 /* RainStormUITests.xctest */,
			);
			name = Products;
			sourceTree = "<group>";
		};
		B66955442384477200892EA8 /* RainStorm */ = {
			isa = PBXGroup;
			children = (
				B687E9B423968D110003A0C8 /* Protocols */,
				B669558A2386BAFF00892EA8 /* Configuration */,
				B66955872386B97C00892EA8 /* Models */,
				B6695582238497CD00892EA8 /* Extensions */,
				B669557A238448D400892EA8 /* Supporting Files */,
				B6695579238448B000892EA8 /* Resources */,
				B66955782384489900892EA8 /* Storyboards */,
				B66955762384481300892EA8 /* View Controllers */,
				B6695575238447CF00892EA8 /* Application Delegate */,
				B66955472384477200892EA8 /* SceneDelegate.swift */,
				B66955532384477300892EA8 /* Info.plist */,
			);
			path = RainStorm;
			sourceTree = "<group>";
		};
		B669555B2384477300892EA8 /* RainStormTests */ = {
			isa = PBXGroup;
			children = (
				B669555C2384477300892EA8 /* RainStormTests.swift */,
				B669555E2384477300892EA8 /* Info.plist */,
			);
			path = RainStormTests;
			sourceTree = "<group>";
		};
		B66955662384477300892EA8 /* RainStormUITests */ = {
			isa = PBXGroup;
			children = (
				B66955692384477300892EA8 /* Info.plist */,
				B66955672384477300892EA8 /* RainStormUITests.swift */,
			);
			path = RainStormUITests;
			sourceTree = "<group>";
		};
		B6695575238447CF00892EA8 /* Application Delegate */ = {
			isa = PBXGroup;
			children = (
				B66955452384477200892EA8 /* AppDelegate.swift */,
			);
			path = "Application Delegate";
			sourceTree = "<group>";
		};
		B66955762384481300892EA8 /* View Controllers */ = {
			isa = PBXGroup;
			children = (
				B669557B2384956800892EA8 /* Weather View Controller */,
				B66955772384482F00892EA8 /* Root View Controller */,
			);
			path = "View Controllers";
			sourceTree = "<group>";
		};
		B66955772384482F00892EA8 /* Root View Controller */ = {
			isa = PBXGroup;
			children = (
				B62A883A238ED9C5006241C3 /* View Models */,
				B66955492384477200892EA8 /* RootViewController.swift */,
			);
			path = "Root View Controller";
			sourceTree = "<group>";
		};
		B66955782384489900892EA8 /* Storyboards */ = {
			isa = PBXGroup;
			children = (
				B669554B2384477200892EA8 /* Main.storyboard */,
				B66955502384477300892EA8 /* LaunchScreen.storyboard */,
			);
			path = Storyboards;
			sourceTree = "<group>";
		};
		B6695579238448B000892EA8 /* Resources */ = {
			isa = PBXGroup;
			children = (
				B669554E2384477300892EA8 /* Assets.xcassets */,
			);
			path = Resources;
			sourceTree = "<group>";
		};
		B669557A238448D400892EA8 /* Supporting Files */ = {
			isa = PBXGroup;
			children = (
			);
			path = "Supporting Files";
			sourceTree = "<group>";
		};
		B669557B2384956800892EA8 /* Weather View Controller */ = {
			isa = PBXGroup;
			children = (
				B669557C2384957C00892EA8 /* Day View Controller */,
				B669557F2384961500892EA8 /* Week View Controller */,
			);
			path = "Weather View Controller";
			sourceTree = "<group>";
		};
		B669557C2384957C00892EA8 /* Day View Controller */ = {
			isa = PBXGroup;
			children = (
				B687E9B7239696660003A0C8 /* View Models */,
				B669557D238495AC00892EA8 /* DayViewController.swift */,
			);
			path = "Day View Controller";
			sourceTree = "<group>";
		};
		B669557F2384961500892EA8 /* Week View Controller */ = {
			isa = PBXGroup;
			children = (
				B687E9B8239696700003A0C8 /* View Models */,
				B66955802384963E00892EA8 /* WeekViewController.swift */,
			);
			path = "Week View Controller";
			sourceTree = "<group>";
		};
		B6695582238497CD00892EA8 /* Extensions */ = {
			isa = PBXGroup;
			children = (
				B6695583238497E700892EA8 /* UIViewController.swift */,
				B66955852384985D00892EA8 /* UIStoryboard.swift */,
				B6BA9343239EC28B00306334 /* UIImage.swift */,
				B6BA934523A0076A00306334 /* DateFormatter.swift */,
			);
			path = Extensions;
			sourceTree = "<group>";
		};
		B66955872386B97C00892EA8 /* Models */ = {
			isa = PBXGroup;
			children = (
				B66955882386B9A500892EA8 /* WeatherRequest.swift */,
				B687E9B2239596F50003A0C8 /* DarkSkyResponse.swift */,
			);
			path = Models;
			sourceTree = "<group>";
		};
		B669558A2386BAFF00892EA8 /* Configuration */ = {
			isa = PBXGroup;
			children = (
				B669558B2386BB1C00892EA8 /* Configuration.swift */,
				B6BA9341239EB82C00306334 /* Styles.swift */,
			);
			path = Configuration;
			sourceTree = "<group>";
		};
		B687E9B423968D110003A0C8 /* Protocols */ = {
			isa = PBXGroup;
			children = (
				B687E9B523968D2D0003A0C8 /* WeatherData.swift */,
			);
			path = Protocols;
			sourceTree = "<group>";
		};
		B687E9B7239696660003A0C8 /* View Models */ = {
			isa = PBXGroup;
			children = (
				B687E9B92396968E0003A0C8 /* DayViewModel.swift */,
			);
			path = "View Models";
			sourceTree = "<group>";
		};
		B687E9B8239696700003A0C8 /* View Models */ = {
			isa = PBXGroup;
			children = (
				B687E9BB239697400003A0C8 /* WeekViewModel.swift */,
			);
			path = "View Models";
			sourceTree = "<group>";
		};
/* End PBXGroup section */

/* Begin PBXNativeTarget section */
		B66955412384477200892EA8 /* RainStorm */ = {
			isa = PBXNativeTarget;
			buildConfigurationList = B669556C2384477300892EA8 /* Build configuration list for PBXNativeTarget "RainStorm" */;
			buildPhases = (
				B669553E2384477200892EA8 /* Sources */,
				B669553F2384477200892EA8 /* Frameworks */,
				B66955402384477200892EA8 /* Resources */,
			);
			buildRules = (
			);
			dependencies = (
			);
			name = RainStorm;
			productName = RainStorm;
			productReference = B66955422384477200892EA8 /* RainStorm.app */;
			productType = "com.apple.product-type.application";
		};
		B66955572384477300892EA8 /* RainStormTests */ = {
			isa = PBXNativeTarget;
			buildConfigurationList = B669556F2384477300892EA8 /* Build configuration list for PBXNativeTarget "RainStormTests" */;
			buildPhases = (
				B66955542384477300892EA8 /* Sources */,
				B66955552384477300892EA8 /* Frameworks */,
				B66955562384477300892EA8 /* Resources */,
			);
			buildRules = (
			);
			dependencies = (
				B669555A2384477300892EA8 /* PBXTargetDependency */,
			);
			name = RainStormTests;
			productName = RainStormTests;
			productReference = B66955582384477300892EA8 /* RainStormTests.xctest */;
			productType = "com.apple.product-type.bundle.unit-test";
		};
		B66955622384477300892EA8 /* RainStormUITests */ = {
			isa = PBXNativeTarget;
			buildConfigurationList = B66955722384477300892EA8 /* Build configuration list for PBXNativeTarget "RainStormUITests" */;
			buildPhases = (
				B669555F2384477300892EA8 /* Sources */,
				B66955602384477300892EA8 /* Frameworks */,
				B66955612384477300892EA8 /* Resources */,
			);
			buildRules = (
			);
			dependencies = (
				B66955652384477300892EA8 /* PBXTargetDependency */,
			);
			name = RainStormUITests;
			productName = RainStormUITests;
			productReference = B66955632384477300892EA8 /* RainStormUITests.xctest */;
			productType = "com.apple.product-type.bundle.ui-testing";
		};
/* End PBXNativeTarget section */

/* Begin PBXProject section */
		B669553A2384477200892EA8 /* Project object */ = {
			isa = PBXProject;
			attributes = {
				LastSwiftUpdateCheck = 1120;
				LastUpgradeCheck = 1120;
				ORGANIZATIONNAME = "Guima Games";
				TargetAttributes = {
					B66955412384477200892EA8 = {
						CreatedOnToolsVersion = 11.2.1;
					};
					B66955572384477300892EA8 = {
						CreatedOnToolsVersion = 11.2.1;
						TestTargetID = B66955412384477200892EA8;
					};
					B66955622384477300892EA8 = {
						CreatedOnToolsVersion = 11.2.1;
						TestTargetID = B66955412384477200892EA8;
					};
				};
			};
			buildConfigurationList = B669553D2384477200892EA8 /* Build configuration list for PBXProject "RainStorm" */;
			compatibilityVersion = "Xcode 9.3";
			developmentRegion = en;
			hasScannedForEncodings = 0;
			knownRegions = (
				en,
				Base,
			);
			mainGroup = B66955392384477200892EA8;
			productRefGroup = B66955432384477200892EA8 /* Products */;
			projectDirPath = "";
			projectRoot = "";
			targets = (
				B66955412384477200892EA8 /* RainStorm */,
				B66955572384477300892EA8 /* RainStormTests */,
				B66955622384477300892EA8 /* RainStormUITests */,
			);
		};
/* End PBXProject section */

/* Begin PBXResourcesBuildPhase section */
		B66955402384477200892EA8 /* Resources */ = {
			isa = PBXResourcesBuildPhase;
			buildActionMask = 2147483647;
			files = (
				B66955522384477300892EA8 /* LaunchScreen.storyboard in Resources */,
				B669554F2384477300892EA8 /* Assets.xcassets in Resources */,
				B669554D2384477200892EA8 /* Main.storyboard in Resources */,
			);
			runOnlyForDeploymentPostprocessing = 0;
		};
		B66955562384477300892EA8 /* Resources */ = {
			isa = PBXResourcesBuildPhase;
			buildActionMask = 2147483647;
			files = (
			);
			runOnlyForDeploymentPostprocessing = 0;
		};
		B66955612384477300892EA8 /* Resources */ = {
			isa = PBXResourcesBuildPhase;
			buildActionMask = 2147483647;
			files = (
			);
			runOnlyForDeploymentPostprocessing = 0;
		};
/* End PBXResourcesBuildPhase section */

/* Begin PBXSourcesBuildPhase section */
		B669553E2384477200892EA8 /* Sources */ = {
			isa = PBXSourcesBuildPhase;
			buildActionMask = 2147483647;
			files = (
				B62A883C238ED9E2006241C3 /* RootViewModel.swift in Sources */,
				B66955892386B9A500892EA8 /* WeatherRequest.swift in Sources */,
				B687E9BA2396968E0003A0C8 /* DayViewModel.swift in Sources */,
				B66955812384963E00892EA8 /* WeekViewController.swift in Sources */,
				B669554A2384477200892EA8 /* RootViewController.swift in Sources */,
				B687E9B3239596F50003A0C8 /* DarkSkyResponse.swift in Sources */,
				B6BA9342239EB82C00306334 /* Styles.swift in Sources */,
				B6BA934623A0076A00306334 /* DateFormatter.swift in Sources */,
				B669558C2386BB1C00892EA8 /* Configuration.swift in Sources */,
				B6695584238497E700892EA8 /* UIViewController.swift in Sources */,
				B6BA9344239EC28B00306334 /* UIImage.swift in Sources */,
				B66955462384477200892EA8 /* AppDelegate.swift in Sources */,
				B66955482384477200892EA8 /* SceneDelegate.swift in Sources */,
				B669557E238495AC00892EA8 /* DayViewController.swift in Sources */,
				B687E9B623968D2D0003A0C8 /* WeatherData.swift in Sources */,
				B687E9BC239697400003A0C8 /* WeekViewModel.swift in Sources */,
				B66955862384985D00892EA8 /* UIStoryboard.swift in Sources */,
			);
			runOnlyForDeploymentPostprocessing = 0;
		};
		B66955542384477300892EA8 /* Sources */ = {
			isa = PBXSourcesBuildPhase;
			buildActionMask = 2147483647;
			files = (
				B669555D2384477300892EA8 /* RainStormTests.swift in Sources */,
			);
			runOnlyForDeploymentPostprocessing = 0;
		};
		B669555F2384477300892EA8 /* Sources */ = {
			isa = PBXSourcesBuildPhase;
			buildActionMask = 2147483647;
			files = (
				B66955682384477300892EA8 /* RainStormUITests.swift in Sources */,
			);
			runOnlyForDeploymentPostprocessing = 0;
		};
/* End PBXSourcesBuildPhase section */

/* Begin PBXTargetDependency section */
		B669555A2384477300892EA8 /* PBXTargetDependency */ = {
			isa = PBXTargetDependency;
			target = B66955412384477200892EA8 /* RainStorm */;
			targetProxy = B66955592384477300892EA8 /* PBXContainerItemProxy */;
		};
		B66955652384477300892EA8 /* PBXTargetDependency */ = {
			isa = PBXTargetDependency;
			target = B66955412384477200892EA8 /* RainStorm */;
			targetProxy = B66955642384477300892EA8 /* PBXContainerItemProxy */;
		};
/* End PBXTargetDependency section */

/* Begin PBXVariantGroup section */
		B669554B2384477200892EA8 /* Main.storyboard */ = {
			isa = PBXVariantGroup;
			children = (
				B669554C2384477200892EA8 /* Base */,
			);
			name = Main.storyboard;
			sourceTree = "<group>";
		};
		B66955502384477300892EA8 /* LaunchScreen.storyboard */ = {
			isa = PBXVariantGroup;
			children = (
				B66955512384477300892EA8 /* Base */,
			);
			name = LaunchScreen.storyboard;
			sourceTree = "<group>";
		};
/* End PBXVariantGroup section */

/* Begin XCBuildConfiguration section */
		B669556A2384477300892EA8 /* Debug */ = {
			isa = XCBuildConfiguration;
			buildSettings = {
				ALWAYS_SEARCH_USER_PATHS = NO;
				CLANG_ANALYZER_NONNULL = YES;
				CLANG_ANALYZER_NUMBER_OBJECT_CONVERSION = YES_AGGRESSIVE;
				CLANG_CXX_LANGUAGE_STANDARD = "gnu++14";
				CLANG_CXX_LIBRARY = "libc++";
				CLANG_ENABLE_MODULES = YES;
				CLANG_ENABLE_OBJC_ARC = YES;
				CLANG_ENABLE_OBJC_WEAK = YES;
				CLANG_WARN_BLOCK_CAPTURE_AUTORELEASING = YES;
				CLANG_WARN_BOOL_CONVERSION = YES;
				CLANG_WARN_COMMA = YES;
				CLANG_WARN_CONSTANT_CONVERSION = YES;
				CLANG_WARN_DEPRECATED_OBJC_IMPLEMENTATIONS = YES;
				CLANG_WARN_DIRECT_OBJC_ISA_USAGE = YES_ERROR;
				CLANG_WARN_DOCUMENTATION_COMMENTS = YES;
				CLANG_WARN_EMPTY_BODY = YES;
				CLANG_WARN_ENUM_CONVERSION = YES;
				CLANG_WARN_INFINITE_RECURSION = YES;
				CLANG_WARN_INT_CONVERSION = YES;
				CLANG_WARN_NON_LITERAL_NULL_CONVERSION = YES;
				CLANG_WARN_OBJC_IMPLICIT_RETAIN_SELF = YES;
				CLANG_WARN_OBJC_LITERAL_CONVERSION = YES;
				CLANG_WARN_OBJC_ROOT_CLASS = YES_ERROR;
				CLANG_WARN_RANGE_LOOP_ANALYSIS = YES;
				CLANG_WARN_STRICT_PROTOTYPES = YES;
				CLANG_WARN_SUSPICIOUS_MOVE = YES;
				CLANG_WARN_UNGUARDED_AVAILABILITY = YES_AGGRESSIVE;
				CLANG_WARN_UNREACHABLE_CODE = YES;
				CLANG_WARN__DUPLICATE_METHOD_MATCH = YES;
				COPY_PHASE_STRIP = NO;
				DEBUG_INFORMATION_FORMAT = dwarf;
				ENABLE_STRICT_OBJC_MSGSEND = YES;
				ENABLE_TESTABILITY = YES;
				GCC_C_LANGUAGE_STANDARD = gnu11;
				GCC_DYNAMIC_NO_PIC = NO;
				GCC_NO_COMMON_BLOCKS = YES;
				GCC_OPTIMIZATION_LEVEL = 0;
				GCC_PREPROCESSOR_DEFINITIONS = (
					"DEBUG=1",
					"$(inherited)",
				);
				GCC_WARN_64_TO_32_BIT_CONVERSION = YES;
				GCC_WARN_ABOUT_RETURN_TYPE = YES_ERROR;
				GCC_WARN_UNDECLARED_SELECTOR = YES;
				GCC_WARN_UNINITIALIZED_AUTOS = YES_AGGRESSIVE;
				GCC_WARN_UNUSED_FUNCTION = YES;
				GCC_WARN_UNUSED_VARIABLE = YES;
				IPHONEOS_DEPLOYMENT_TARGET = 13.2;
				MTL_ENABLE_DEBUG_INFO = INCLUDE_SOURCE;
				MTL_FAST_MATH = YES;
				ONLY_ACTIVE_ARCH = YES;
				SDKROOT = iphoneos;
				SWIFT_ACTIVE_COMPILATION_CONDITIONS = DEBUG;
				SWIFT_OPTIMIZATION_LEVEL = "-Onone";
			};
			name = Debug;
		};
		B669556B2384477300892EA8 /* Release */ = {
			isa = XCBuildConfiguration;
			buildSettings = {
				ALWAYS_SEARCH_USER_PATHS = NO;
				CLANG_ANALYZER_NONNULL = YES;
				CLANG_ANALYZER_NUMBER_OBJECT_CONVERSION = YES_AGGRESSIVE;
				CLANG_CXX_LANGUAGE_STANDARD = "gnu++14";
				CLANG_CXX_LIBRARY = "libc++";
				CLANG_ENABLE_MODULES = YES;
				CLANG_ENABLE_OBJC_ARC = YES;
				CLANG_ENABLE_OBJC_WEAK = YES;
				CLANG_WARN_BLOCK_CAPTURE_AUTORELEASING = YES;
				CLANG_WARN_BOOL_CONVERSION = YES;
				CLANG_WARN_COMMA = YES;
				CLANG_WARN_CONSTANT_CONVERSION = YES;
				CLANG_WARN_DEPRECATED_OBJC_IMPLEMENTATIONS = YES;
				CLANG_WARN_DIRECT_OBJC_ISA_USAGE = YES_ERROR;
				CLANG_WARN_DOCUMENTATION_COMMENTS = YES;
				CLANG_WARN_EMPTY_BODY = YES;
				CLANG_WARN_ENUM_CONVERSION = YES;
				CLANG_WARN_INFINITE_RECURSION = YES;
				CLANG_WARN_INT_CONVERSION = YES;
				CLANG_WARN_NON_LITERAL_NULL_CONVERSION = YES;
				CLANG_WARN_OBJC_IMPLICIT_RETAIN_SELF = YES;
				CLANG_WARN_OBJC_LITERAL_CONVERSION = YES;
				CLANG_WARN_OBJC_ROOT_CLASS = YES_ERROR;
				CLANG_WARN_RANGE_LOOP_ANALYSIS = YES;
				CLANG_WARN_STRICT_PROTOTYPES = YES;
				CLANG_WARN_SUSPICIOUS_MOVE = YES;
				CLANG_WARN_UNGUARDED_AVAILABILITY = YES_AGGRESSIVE;
				CLANG_WARN_UNREACHABLE_CODE = YES;
				CLANG_WARN__DUPLICATE_METHOD_MATCH = YES;
				COPY_PHASE_STRIP = NO;
				DEBUG_INFORMATION_FORMAT = "dwarf-with-dsym";
				ENABLE_NS_ASSERTIONS = NO;
				ENABLE_STRICT_OBJC_MSGSEND = YES;
				GCC_C_LANGUAGE_STANDARD = gnu11;
				GCC_NO_COMMON_BLOCKS = YES;
				GCC_WARN_64_TO_32_BIT_CONVERSION = YES;
				GCC_WARN_ABOUT_RETURN_TYPE = YES_ERROR;
				GCC_WARN_UNDECLARED_SELECTOR = YES;
				GCC_WARN_UNINITIALIZED_AUTOS = YES_AGGRESSIVE;
				GCC_WARN_UNUSED_FUNCTION = YES;
				GCC_WARN_UNUSED_VARIABLE = YES;
				IPHONEOS_DEPLOYMENT_TARGET = 13.2;
				MTL_ENABLE_DEBUG_INFO = NO;
				MTL_FAST_MATH = YES;
				SDKROOT = iphoneos;
				SWIFT_COMPILATION_MODE = wholemodule;
				SWIFT_OPTIMIZATION_LEVEL = "-O";
				VALIDATE_PRODUCT = YES;
			};
			name = Release;
		};
		B669556D2384477300892EA8 /* Debug */ = {
			isa = XCBuildConfiguration;
			buildSettings = {
				ASSETCATALOG_COMPILER_APPICON_NAME = AppIcon;
				CODE_SIGN_STYLE = Automatic;
				DEVELOPMENT_TEAM = HB54SB8ZZ9;
				INFOPLIST_FILE = RainStorm/Info.plist;
				IPHONEOS_DEPLOYMENT_TARGET = 13.0;
				LD_RUNPATH_SEARCH_PATHS = (
					"$(inherited)",
					"@executable_path/Frameworks",
				);
				PRODUCT_BUNDLE_IDENTIFIER = com.guimagames.ios.RainStorm;
				PRODUCT_NAME = "$(TARGET_NAME)";
				SWIFT_VERSION = 5.0;
				TARGETED_DEVICE_FAMILY = 1;
			};
			name = Debug;
		};
		B669556E2384477300892EA8 /* Release */ = {
			isa = XCBuildConfiguration;
			buildSettings = {
				ASSETCATALOG_COMPILER_APPICON_NAME = AppIcon;
				CODE_SIGN_STYLE = Automatic;
				DEVELOPMENT_TEAM = HB54SB8ZZ9;
				INFOPLIST_FILE = RainStorm/Info.plist;
				IPHONEOS_DEPLOYMENT_TARGET = 13.0;
				LD_RUNPATH_SEARCH_PATHS = (
					"$(inherited)",
					"@executable_path/Frameworks",
				);
				PRODUCT_BUNDLE_IDENTIFIER = com.guimagames.ios.RainStorm;
				PRODUCT_NAME = "$(TARGET_NAME)";
				SWIFT_VERSION = 5.0;
				TARGETED_DEVICE_FAMILY = 1;
			};
			name = Release;
		};
		B66955702384477300892EA8 /* Debug */ = {
			isa = XCBuildConfiguration;
			buildSettings = {
				ALWAYS_EMBED_SWIFT_STANDARD_LIBRARIES = YES;
				BUNDLE_LOADER = "$(TEST_HOST)";
				CODE_SIGN_STYLE = Automatic;
				DEVELOPMENT_TEAM = HB54SB8ZZ9;
				INFOPLIST_FILE = RainStormTests/Info.plist;
				IPHONEOS_DEPLOYMENT_TARGET = 13.2;
				LD_RUNPATH_SEARCH_PATHS = (
					"$(inherited)",
					"@executable_path/Frameworks",
					"@loader_path/Frameworks",
				);
				PRODUCT_BUNDLE_IDENTIFIER = com.guimagames.ios.RainStormTests;
				PRODUCT_NAME = "$(TARGET_NAME)";
				SWIFT_VERSION = 5.0;
				TARGETED_DEVICE_FAMILY = "1,2";
				TEST_HOST = "$(BUILT_PRODUCTS_DIR)/RainStorm.app/RainStorm";
			};
			name = Debug;
		};
		B66955712384477300892EA8 /* Release */ = {
			isa = XCBuildConfiguration;
			buildSettings = {
				ALWAYS_EMBED_SWIFT_STANDARD_LIBRARIES = YES;
				BUNDLE_LOADER = "$(TEST_HOST)";
				CODE_SIGN_STYLE = Automatic;
				DEVELOPMENT_TEAM = HB54SB8ZZ9;
				INFOPLIST_FILE = RainStormTests/Info.plist;
				IPHONEOS_DEPLOYMENT_TARGET = 13.2;
				LD_RUNPATH_SEARCH_PATHS = (
					"$(inherited)",
					"@executable_path/Frameworks",
					"@loader_path/Frameworks",
				);
				PRODUCT_BUNDLE_IDENTIFIER = com.guimagames.ios.RainStormTests;
				PRODUCT_NAME = "$(TARGET_NAME)";
				SWIFT_VERSION = 5.0;
				TARGETED_DEVICE_FAMILY = "1,2";
				TEST_HOST = "$(BUILT_PRODUCTS_DIR)/RainStorm.app/RainStorm";
			};
			name = Release;
		};
		B66955732384477300892EA8 /* Debug */ = {
			isa = XCBuildConfiguration;
			buildSettings = {
				ALWAYS_EMBED_SWIFT_STANDARD_LIBRARIES = YES;
				CODE_SIGN_STYLE = Automatic;
				DEVELOPMENT_TEAM = HB54SB8ZZ9;
				INFOPLIST_FILE = RainStormUITests/Info.plist;
				LD_RUNPATH_SEARCH_PATHS = (
					"$(inherited)",
					"@executable_path/Frameworks",
					"@loader_path/Frameworks",
				);
				PRODUCT_BUNDLE_IDENTIFIER = com.guimagames.ios.RainStormUITests;
				PRODUCT_NAME = "$(TARGET_NAME)";
				SWIFT_VERSION = 5.0;
				TARGETED_DEVICE_FAMILY = "1,2";
				TEST_TARGET_NAME = RainStorm;
			};
			name = Debug;
		};
		B66955742384477300892EA8 /* Release */ = {
			isa = XCBuildConfiguration;
			buildSettings = {
				ALWAYS_EMBED_SWIFT_STANDARD_LIBRARIES = YES;
				CODE_SIGN_STYLE = Automatic;
				DEVELOPMENT_TEAM = HB54SB8ZZ9;
				INFOPLIST_FILE = RainStormUITests/Info.plist;
				LD_RUNPATH_SEARCH_PATHS = (
					"$(inherited)",
					"@executable_path/Frameworks",
					"@loader_path/Frameworks",
				);
				PRODUCT_BUNDLE_IDENTIFIER = com.guimagames.ios.RainStormUITests;
				PRODUCT_NAME = "$(TARGET_NAME)";
				SWIFT_VERSION = 5.0;
				TARGETED_DEVICE_FAMILY = "1,2";
				TEST_TARGET_NAME = RainStorm;
			};
			name = Release;
		};
/* End XCBuildConfiguration section */

/* Begin XCConfigurationList section */
		B669553D2384477200892EA8 /* Build configuration list for PBXProject "RainStorm" */ = {
			isa = XCConfigurationList;
			buildConfigurations = (
				B669556A2384477300892EA8 /* Debug */,
				B669556B2384477300892EA8 /* Release */,
			);
			defaultConfigurationIsVisible = 0;
			defaultConfigurationName = Release;
		};
		B669556C2384477300892EA8 /* Build configuration list for PBXNativeTarget "RainStorm" */ = {
			isa = XCConfigurationList;
			buildConfigurations = (
				B669556D2384477300892EA8 /* Debug */,
				B669556E2384477300892EA8 /* Release */,
			);
			defaultConfigurationIsVisible = 0;
			defaultConfigurationName = Release;
		};
		B669556F2384477300892EA8 /* Build configuration list for PBXNativeTarget "RainStormTests" */ = {
			isa = XCConfigurationList;
			buildConfigurations = (
				B66955702384477300892EA8 /* Debug */,
				B66955712384477300892EA8 /* Release */,
			);
			defaultConfigurationIsVisible = 0;
			defaultConfigurationName = Release;
		};
		B66955722384477300892EA8 /* Build configuration list for PBXNativeTarget "RainStormUITests" */ = {
			isa = XCConfigurationList;
			buildConfigurations = (
				B66955732384477300892EA8 /* Debug */,
				B66955742384477300892EA8 /* Release */,
			);
			defaultConfigurationIsVisible = 0;
			defaultConfigurationName = Release;
		};
/* End XCConfigurationList section */
	};
	rootObject = B669553A2384477200892EA8 /* Project object */;
}
